
Microsoft Visual Studio Solution File, Format Version 12.00
# Visual Studio Version 17
VisualStudioVersion = 17.8.34316.72
MinimumVisualStudioVersion = 10.0.40219.1
Project("{2150E333-8FDC-42A3-9474-1A3956D46DE8}") = "FrontEnd", "FrontEnd", "{E06C0B9C-565F-4CBA-99A2-854128CAE522}"
EndProject
Project("{2150E333-8FDC-42A3-9474-1A3956D46DE8}") = "Services", "Services", "{97CBD5C4-6391-4AB5-BF1A-0AA483432CD6}"
EndProject
Project("{9A19103F-16F7-4668-BE54-9A1E7A4F7556}") = "GeekShopping.Web", "GeekShopping.Web\GeekShopping.Web.csproj", "{C5D15672-259C-4FED-BE5A-B11A2601E758}"
EndProject
Project("{9A19103F-16F7-4668-BE54-9A1E7A4F7556}") = "GeekShopping.ProductAPI", "GeekShopping.ProductAPI\GeekShopping.ProductAPI.csproj", "{CE4C58C0-335B-45D4-89A8-C5B76181A8A0}"
EndProject
Global
	GlobalSection(SolutionConfigurationPlatforms) = preSolution
		Debug|Any CPU = Debug|Any CPU
		Release|Any CPU = Release|Any CPU
	EndGlobalSection
	GlobalSection(ProjectConfigurationPlatforms) = postSolution
		{C5D15672-259C-4FED-BE5A-B11A2601E758}.Debug|Any CPU.ActiveCfg = Debug|Any CPU
		{C5D15672-259C-4FED-BE5A-B11A2601E758}.Debug|Any CPU.Build.0 = Debug|Any CPU
		{C5D15672-259C-4FED-BE5A-B11A2601E758}.Release|Any CPU.ActiveCfg = Release|Any CPU
		{C5D15672-259C-4FED-BE5A-B11A2601E758}.Release|Any CPU.Build.0 = Release|Any CPU
		{CE4C58C0-335B-45D4-89A8-C5B76181A8A0}.Debug|Any CPU.ActiveCfg = Debug|Any CPU
		{CE4C58C0-335B-45D4-89A8-C5B76181A8A0}.Debug|Any CPU.Build.0 = Debug|Any CPU
		{CE4C58C0-335B-45D4-89A8-C5B76181A8A0}.Release|Any CPU.ActiveCfg = Release|Any CPU
		{CE4C58C0-335B-45D4-89A8-C5B76181A8A0}.Release|Any CPU.Build.0 = Release|Any CPU
	EndGlobalSection
	GlobalSection(SolutionProperties) = preSolution
		HideSolutionNode = FALSE
	EndGlobalSection
	GlobalSection(NestedProjects) = preSolution
		{C5D15672-259C-4FED-BE5A-B11A2601E758} = {E06C0B9C-565F-4CBA-99A2-854128CAE522}
		{CE4C58C0-335B-45D4-89A8-C5B76181A8A0} = {97CBD5C4-6391-4AB5-BF1A-0AA483432CD6}
	EndGlobalSection
	GlobalSection(ExtensibilityGlobals) = postSolution
		SolutionGuid = {16B91626-E7C0-47D9-BA51-D56AD9DE6E1C}
	EndGlobalSection
EndGlobal
